
Microsoft Visual Studio Solution File, Format Version 12.00
# Visual Studio 15
VisualStudioVersion = 15.0.27130.2027
MinimumVisualStudioVersion = 10.0.40219.1
Project("{FAE04EC0-301F-11D3-BF4B-00C04F79EFBC}") = "ServlessEnergyFunctionsApp", "ServlessEnergyFunctionsApp\ServlessEnergyFunctionsApp.csproj", "{35587577-7638-4D19-9162-FF3CCFAFCF97}"
EndProject
Project("{FAE04EC0-301F-11D3-BF4B-00C04F79EFBC}") = "DeviceSimulator", "DeviceSimulator\DeviceSimulator.csproj", "{671800EC-035D-4B27-9004-DC210153E166}"
EndProject
Global
	GlobalSection(SolutionConfigurationPlatforms) = preSolution
		Debug|Any CPU = Debug|Any CPU
		Release|Any CPU = Release|Any CPU
	EndGlobalSection
	GlobalSection(ProjectConfigurationPlatforms) = postSolution
		{35587577-7638-4D19-9162-FF3CCFAFCF97}.Debug|Any CPU.ActiveCfg = Debug|Any CPU
		{35587577-7638-4D19-9162-FF3CCFAFCF97}.Debug|Any CPU.Build.0 = Debug|Any CPU
		{35587577-7638-4D19-9162-FF3CCFAFCF97}.Release|Any CPU.ActiveCfg = Release|Any CPU
		{35587577-7638-4D19-9162-FF3CCFAFCF97}.Release|Any CPU.Build.0 = Release|Any CPU
		{671800EC-035D-4B27-9004-DC210153E166}.Debug|Any CPU.ActiveCfg = Debug|Any CPU
		{671800EC-035D-4B27-9004-DC210153E166}.Debug|Any CPU.Build.0 = Debug|Any CPU
		{671800EC-035D-4B27-9004-DC210153E166}.Release|Any CPU.ActiveCfg = Release|Any CPU
		{671800EC-035D-4B27-9004-DC210153E166}.Release|Any CPU.Build.0 = Release|Any CPU
	EndGlobalSection
	GlobalSection(SolutionProperties) = preSolution
		HideSolutionNode = FALSE
	EndGlobalSection
	GlobalSection(ExtensibilityGlobals) = postSolution
		SolutionGuid = {8A6D8B51-6BED-45B2-89E3-32E8B64AD396}
	EndGlobalSection
EndGlobal
